
Microsoft Visual Studio Solution File, Format Version 12.00
Project("{FAE04EC0-301F-11D3-BF4B-00C04F79EFBC}") = "CalculatorTest", "CalculatorTest\CalculatorTest.csproj", "{7BC2E846-1752-4E3F-8997-EF792C4D9208}"
EndProject
Project("{FAE04EC0-301F-11D3-BF4B-00C04F79EFBC}") = "Domain", "Domain\Domain.csproj", "{1885DB39-DE54-4873-8DE7-00C43AC649B0}"
EndProject
Global
	GlobalSection(SolutionConfigurationPlatforms) = preSolution
		Debug|Any CPU = Debug|Any CPU
		Release|Any CPU = Release|Any CPU
	EndGlobalSection
	GlobalSection(ProjectConfigurationPlatforms) = postSolution
		{7BC2E846-1752-4E3F-8997-EF792C4D9208}.Debug|Any CPU.ActiveCfg = Debug|Any CPU
		{7BC2E846-1752-4E3F-8997-EF792C4D9208}.Debug|Any CPU.Build.0 = Debug|Any CPU
		{7BC2E846-1752-4E3F-8997-EF792C4D9208}.Release|Any CPU.ActiveCfg = Release|Any CPU
		{7BC2E846-1752-4E3F-8997-EF792C4D9208}.Release|Any CPU.Build.0 = Release|Any CPU
		{1885DB39-DE54-4873-8DE7-00C43AC649B0}.Debug|Any CPU.ActiveCfg = Debug|Any CPU
		{1885DB39-DE54-4873-8DE7-00C43AC649B0}.Debug|Any CPU.Build.0 = Debug|Any CPU
		{1885DB39-DE54-4873-8DE7-00C43AC649B0}.Release|Any CPU.ActiveCfg = Release|Any CPU
		{1885DB39-DE54-4873-8DE7-00C43AC649B0}.Release|Any CPU.Build.0 = Release|Any CPU
	EndGlobalSection
EndGlobal
