
Microsoft Visual Studio Solution File, Format Version 12.00
# Visual Studio Version 17
VisualStudioVersion = 17.0.31903.59
MinimumVisualStudioVersion = 10.0.40219.1
Project("{FAE04EC0-301F-11D3-BF4B-00C04F79EFBC}") = "domain", "domain\domain.csproj", "{A7B2C21C-CC12-4443-BFCF-5BA76FA2F03D}"
EndProject
Project("{FAE04EC0-301F-11D3-BF4B-00C04F79EFBC}") = "app", "app\app.csproj", "{8B7B93DE-D38A-4A6D-AF5E-860870054774}"
EndProject
Project("{FAE04EC0-301F-11D3-BF4B-00C04F79EFBC}") = "tester", "tester\tester.csproj", "{DDBCC2B7-42CE-467F-BCB1-966C66A19127}"
EndProject
Global
	GlobalSection(SolutionConfigurationPlatforms) = preSolution
		Debug|Any CPU = Debug|Any CPU
		Release|Any CPU = Release|Any CPU
	EndGlobalSection
	GlobalSection(SolutionProperties) = preSolution
		HideSolutionNode = FALSE
	EndGlobalSection
	GlobalSection(ProjectConfigurationPlatforms) = postSolution
		{6257B7FF-3507-4334-9C00-783B10C9D580}.Debug|Any CPU.ActiveCfg = Debug|Any CPU
		{6257B7FF-3507-4334-9C00-783B10C9D580}.Debug|Any CPU.Build.0 = Debug|Any CPU
		{6257B7FF-3507-4334-9C00-783B10C9D580}.Release|Any CPU.ActiveCfg = Release|Any CPU
		{6257B7FF-3507-4334-9C00-783B10C9D580}.Release|Any CPU.Build.0 = Release|Any CPU
		{A7B2C21C-CC12-4443-BFCF-5BA76FA2F03D}.Debug|Any CPU.ActiveCfg = Debug|Any CPU
		{A7B2C21C-CC12-4443-BFCF-5BA76FA2F03D}.Debug|Any CPU.Build.0 = Debug|Any CPU
		{A7B2C21C-CC12-4443-BFCF-5BA76FA2F03D}.Release|Any CPU.ActiveCfg = Release|Any CPU
		{A7B2C21C-CC12-4443-BFCF-5BA76FA2F03D}.Release|Any CPU.Build.0 = Release|Any CPU
		{8B7B93DE-D38A-4A6D-AF5E-860870054774}.Debug|Any CPU.ActiveCfg = Debug|Any CPU
		{8B7B93DE-D38A-4A6D-AF5E-860870054774}.Debug|Any CPU.Build.0 = Debug|Any CPU
		{8B7B93DE-D38A-4A6D-AF5E-860870054774}.Release|Any CPU.ActiveCfg = Release|Any CPU
		{8B7B93DE-D38A-4A6D-AF5E-860870054774}.Release|Any CPU.Build.0 = Release|Any CPU
		{DDBCC2B7-42CE-467F-BCB1-966C66A19127}.Debug|Any CPU.ActiveCfg = Debug|Any CPU
		{DDBCC2B7-42CE-467F-BCB1-966C66A19127}.Debug|Any CPU.Build.0 = Debug|Any CPU
		{DDBCC2B7-42CE-467F-BCB1-966C66A19127}.Release|Any CPU.ActiveCfg = Release|Any CPU
		{DDBCC2B7-42CE-467F-BCB1-966C66A19127}.Release|Any CPU.Build.0 = Release|Any CPU
	EndGlobalSection
EndGlobal
